// !$*UTF8*$!
{
	archiveVersion = 1;
	classes = {
	};
	objectVersion = 50;
	objects = {

/* Begin PBXBuildFile section */
		CEA34FE02074A77E009F61FA /* AppDelegate.swift in Sources */ = {isa = PBXBuildFile; fileRef = CEA34FDF2074A77E009F61FA /* AppDelegate.swift */; };
		CEA34FE22074A77E009F61FA /* ViewController.swift in Sources */ = {isa = PBXBuildFile; fileRef = CEA34FE12074A77E009F61FA /* ViewController.swift */; };
		CEA34FE52074A77E009F61FA /* Main.storyboard in Resources */ = {isa = PBXBuildFile; fileRef = CEA34FE32074A77E009F61FA /* Main.storyboard */; };
		CEA34FE72074A780009F61FA /* Assets.xcassets in Resources */ = {isa = PBXBuildFile; fileRef = CEA34FE62074A780009F61FA /* Assets.xcassets */; };
		CEA34FEA2074A780009F61FA /* LaunchScreen.storyboard in Resources */ = {isa = PBXBuildFile; fileRef = CEA34FE82074A780009F61FA /* LaunchScreen.storyboard */; };
		CEA34FF52074A780009F61FA /* DiceeTests.swift in Sources */ = {isa = PBXBuildFile; fileRef = CEA34FF42074A780009F61FA /* DiceeTests.swift */; };
		CEA350002074A780009F61FA /* DiceeUITests.swift in Sources */ = {isa = PBXBuildFile; fileRef = CEA34FFF2074A780009F61FA /* DiceeUITests.swift */; };
/* End PBXBuildFile section */

/* Begin PBXContainerItemProxy section */
		CEA34FF12074A780009F61FA /* PBXContainerItemProxy */ = {
			isa = PBXContainerItemProxy;
			containerPortal = CEA34FD42074A77E009F61FA /* Project object */;
			proxyType = 1;
			remoteGlobalIDString = CEA34FDB2074A77E009F61FA;
			remoteInfo = Dicee;
		};
		CEA34FFC2074A780009F61FA /* PBXContainerItemProxy */ = {
			isa = PBXContainerItemProxy;
			containerPortal = CEA34FD42074A77E009F61FA /* Project object */;
			proxyType = 1;
			remoteGlobalIDString = CEA34FDB2074A77E009F61FA;
			remoteInfo = Dicee;
		};
/* End PBXContainerItemProxy section */

/* Begin PBXFileReference section */
		CEA34FDC2074A77E009F61FA /* Dicee.app */ = {isa = PBXFileReference; explicitFileType = wrapper.application; includeInIndex = 0; path = Dicee.app; sourceTree = BUILT_PRODUCTS_DIR; };
		CEA34FDF2074A77E009F61FA /* AppDelegate.swift */ = {isa = PBXFileReference; lastKnownFileType = sourcecode.swift; path = AppDelegate.swift; sourceTree = "<group>"; };
		CEA34FE12074A77E009F61FA /* ViewController.swift */ = {isa = PBXFileReference; lastKnownFileType = sourcecode.swift; path = ViewController.swift; sourceTree = "<group>"; };
		CEA34FE42074A77E009F61FA /* Base */ = {isa = PBXFileReference; lastKnownFileType = file.storyboard; name = Base; path = Base.lproj/Main.storyboard; sourceTree = "<group>"; };
		CEA34FE62074A780009F61FA /* Assets.xcassets */ = {isa = PBXFileReference; lastKnownFileType = folder.assetcatalog; path = Assets.xcassets; sourceTree = "<group>"; };
		CEA34FE92074A780009F61FA /* Base */ = {isa = PBXFileReference; lastKnownFileType = file.storyboard; name = Base; path = Base.lproj/LaunchScreen.storyboard; sourceTree = "<group>"; };
		CEA34FEB2074A780009F61FA /* Info.plist */ = {isa = PBXFileReference; lastKnownFileType = text.plist.xml; path = Info.plist; sourceTree = "<group>"; };
		CEA34FF02074A780009F61FA /* DiceeTests.xctest */ = {isa = PBXFileReference; explicitFileType = wrapper.cfbundle; includeInIndex = 0; path = DiceeTests.xctest; sourceTree = BUILT_PRODUCTS_DIR; };
		CEA34FF42074A780009F61FA /* DiceeTests.swift */ = {isa = PBXFileReference; lastKnownFileType = sourcecode.swift; path = DiceeTests.swift; sourceTree = "<group>"; };
		CEA34FF62074A780009F61FA /* Info.plist */ = {isa = PBXFileReference; lastKnownFileType = text.plist.xml; path = Info.plist; sourceTree = "<group>"; };
		CEA34FFB2074A780009F61FA /* DiceeUITests.xctest */ = {isa = PBXFileReference; explicitFileType = wrapper.cfbundle; includeInIndex = 0; path = DiceeUITests.xctest; sourceTree = BUILT_PRODUCTS_DIR; };
		CEA34FFF2074A780009F61FA /* DiceeUITests.swift */ = {isa = PBXFileReference; lastKnownFileType = sourcecode.swift; path = DiceeUITests.swift; sourceTree = "<group>"; };
		CEA350012074A780009F61FA /* Info.plist */ = {isa = PBXFileReference; lastKnownFileType = text.plist.xml; path = Info.plist; sourceTree = "<group>"; };
/* End PBXFileReference section */

/* Begin PBXFrameworksBuildPhase section */
		CEA34FD92074A77E009F61FA /* Frameworks */ = {
			isa = PBXFrameworksBuildPhase;
			buildActionMask = 2147483647;
			files = (
			);
			runOnlyForDeploymentPostprocessing = 0;
		};
		CEA34FED2074A780009F61FA /* Frameworks */ = {
			isa = PBXFrameworksBuildPhase;
			buildActionMask = 2147483647;
			files = (
			);
			runOnlyForDeploymentPostprocessing = 0;
		};
		CEA34FF82074A780009F61FA /* Frameworks */ = {
			isa = PBXFrameworksBuildPhase;
			buildActionMask = 2147483647;
			files = (
			);
			runOnlyForDeploymentPostprocessing = 0;
		};
/* End PBXFrameworksBuildPhase section */

/* Begin PBXGroup section */
		CEA34FD32074A77E009F61FA = {
			isa = PBXGroup;
			children = (
				CEA34FDE2074A77E009F61FA /* Dicee */,
				CEA34FF32074A780009F61FA /* DiceeTests */,
				CEA34FFE2074A780009F61FA /* DiceeUITests */,
				CEA34FDD2074A77E009F61FA /* Products */,
			);
			sourceTree = "<group>";
		};
		CEA34FDD2074A77E009F61FA /* Products */ = {
			isa = PBXGroup;
			children = (
				CEA34FDC2074A77E009F61FA /* Dicee.app */,
				CEA34FF02074A780009F61FA /* DiceeTests.xctest */,
				CEA34FFB2074A780009F61FA /* DiceeUITests.xctest */,
			);
			name = Products;
			sourceTree = "<group>";
		};
		CEA34FDE2074A77E009F61FA /* Dicee */ = {
			isa = PBXGroup;
			children = (
				CEA34FDF2074A77E009F61FA /* AppDelegate.swift */,
				CEA34FE12074A77E009F61FA /* ViewController.swift */,
				CEA34FE32074A77E009F61FA /* Main.storyboard */,
				CEA34FE62074A780009F61FA /* Assets.xcassets */,
				CEA34FE82074A780009F61FA /* LaunchScreen.storyboard */,
				CEA34FEB2074A780009F61FA /* Info.plist */,
			);
			path = Dicee;
			sourceTree = "<group>";
		};
		CEA34FF32074A780009F61FA /* DiceeTests */ = {
			isa = PBXGroup;
			children = (
				CEA34FF42074A780009F61FA /* DiceeTests.swift */,
				CEA34FF62074A780009F61FA /* Info.plist */,
			);
			path = DiceeTests;
			sourceTree = "<group>";
		};
		CEA34FFE2074A780009F61FA /* DiceeUITests */ = {
			isa = PBXGroup;
			children = (
				CEA34FFF2074A780009F61FA /* DiceeUITests.swift */,
				CEA350012074A780009F61FA /* Info.plist */,
			);
			path = DiceeUITests;
			sourceTree = "<group>";
		};
/* End PBXGroup section */

/* Begin PBXNativeTarget section */
		CEA34FDB2074A77E009F61FA /* Dicee */ = {
			isa = PBXNativeTarget;
			buildConfigurationList = CEA350042074A780009F61FA /* Build configuration list for PBXNativeTarget "Dicee" */;
			buildPhases = (
				CEA34FD82074A77E009F61FA /* Sources */,
				CEA34FD92074A77E009F61FA /* Frameworks */,
				CEA34FDA2074A77E009F61FA /* Resources */,
			);
			buildRules = (
			);
			dependencies = (
			);
			name = Dicee;
			productName = Dicee;
			productReference = CEA34FDC2074A77E009F61FA /* Dicee.app */;
			productType = "com.apple.product-type.application";
		};
		CEA34FEF2074A780009F61FA /* DiceeTests */ = {
			isa = PBXNativeTarget;
			buildConfigurationList = CEA350072074A780009F61FA /* Build configuration list for PBXNativeTarget "DiceeTests" */;
			buildPhases = (
				CEA34FEC2074A780009F61FA /* Sources */,
				CEA34FED2074A780009F61FA /* Frameworks */,
				CEA34FEE2074A780009F61FA /* Resources */,
			);
			buildRules = (
			);
			dependencies = (
				CEA34FF22074A780009F61FA /* PBXTargetDependency */,
			);
			name = DiceeTests;
			productName = DiceeTests;
			productReference = CEA34FF02074A780009F61FA /* DiceeTests.xctest */;
			productType = "com.apple.product-type.bundle.unit-test";
		};
		CEA34FFA2074A780009F61FA /* DiceeUITests */ = {
			isa = PBXNativeTarget;
			buildConfigurationList = CEA3500A2074A780009F61FA /* Build configuration list for PBXNativeTarget "DiceeUITests" */;
			buildPhases = (
				CEA34FF72074A780009F61FA /* Sources */,
				CEA34FF82074A780009F61FA /* Frameworks */,
				CEA34FF92074A780009F61FA /* Resources */,
			);
			buildRules = (
			);
			dependencies = (
				CEA34FFD2074A780009F61FA /* PBXTargetDependency */,
			);
			name = DiceeUITests;
			productName = DiceeUITests;
			productReference = CEA34FFB2074A780009F61FA /* DiceeUITests.xctest */;
			productType = "com.apple.product-type.bundle.ui-testing";
		};
/* End PBXNativeTarget section */

/* Begin PBXProject section */
		CEA34FD42074A77E009F61FA /* Project object */ = {
			isa = PBXProject;
			attributes = {
				LastSwiftUpdateCheck = 0930;
				LastUpgradeCheck = 0930;
				ORGANIZATIONNAME = User;
				TargetAttributes = {
					CEA34FDB2074A77E009F61FA = {
						CreatedOnToolsVersion = 9.3;
					};
					CEA34FEF2074A780009F61FA = {
						CreatedOnToolsVersion = 9.3;
						TestTargetID = CEA34FDB2074A77E009F61FA;
					};
					CEA34FFA2074A780009F61FA = {
						CreatedOnToolsVersion = 9.3;
						TestTargetID = CEA34FDB2074A77E009F61FA;
					};
				};
			};
			buildConfigurationList = CEA34FD72074A77E009F61FA /* Build configuration list for PBXProject "Dicee" */;
			compatibilityVersion = "Xcode 9.3";
			developmentRegion = en;
			hasScannedForEncodings = 0;
			knownRegions = (
				en,
				Base,
			);
			mainGroup = CEA34FD32074A77E009F61FA;
			productRefGroup = CEA34FDD2074A77E009F61FA /* Products */;
			projectDirPath = "";
			projectRoot = "";
			targets = (
				CEA34FDB2074A77E009F61FA /* Dicee */,
				CEA34FEF2074A780009F61FA /* DiceeTests */,
				CEA34FFA2074A780009F61FA /* DiceeUITests */,
			);
		};
/* End PBXProject section */

/* Begin PBXResourcesBuildPhase section */
		CEA34FDA2074A77E009F61FA /* Resources */ = {
			isa = PBXResourcesBuildPhase;
			buildActionMask = 2147483647;
			files = (
				CEA34FEA2074A780009F61FA /* LaunchScreen.storyboard in Resources */,
				CEA34FE72074A780009F61FA /* Assets.xcassets in Resources */,
				CEA34FE52074A77E009F61FA /* Main.storyboard in Resources */,
			);
			runOnlyForDeploymentPostprocessing = 0;
		};
		CEA34FEE2074A780009F61FA /* Resources */ = {
			isa = PBXResourcesBuildPhase;
			buildActionMask = 2147483647;
			files = (
			);
			runOnlyForDeploymentPostprocessing = 0;
		};
		CEA34FF92074A780009F61FA /* Resources */ = {
			isa = PBXResourcesBuildPhase;
			buildActionMask = 2147483647;
			files = (
			);
			runOnlyForDeploymentPostprocessing = 0;
		};
/* End PBXResourcesBuildPhase section */

/* Begin PBXSourcesBuildPhase section */
		CEA34FD82074A77E009F61FA /* Sources */ = {
			isa = PBXSourcesBuildPhase;
			buildActionMask = 2147483647;
			files = (
				CEA34FE22074A77E009F61FA /* ViewController.swift in Sources */,
				CEA34FE02074A77E009F61FA /* AppDelegate.swift in Sources */,
			);
			runOnlyForDeploymentPostprocessing = 0;
		};
		CEA34FEC2074A780009F61FA /* Sources */ = {
			isa = PBXSourcesBuildPhase;
			buildActionMask = 2147483647;
			files = (
				CEA34FF52074A780009F61FA /* DiceeTests.swift in Sources */,
			);
			runOnlyForDeploymentPostprocessing = 0;
		};
		CEA34FF72074A780009F61FA /* Sources */ = {
			isa = PBXSourcesBuildPhase;
			buildActionMask = 2147483647;
			files = (
				CEA350002074A780009F61FA /* DiceeUITests.swift in Sources */,
			);
			runOnlyForDeploymentPostprocessing = 0;
		};
/* End PBXSourcesBuildPhase section */

/* Begin PBXTargetDependency section */
		CEA34FF22074A780009F61FA /* PBXTargetDependency */ = {
			isa = PBXTargetDependency;
			target = CEA34FDB2074A77E009F61FA /* Dicee */;
			targetProxy = CEA34FF12074A780009F61FA /* PBXContainerItemProxy */;
		};
		CEA34FFD2074A780009F61FA /* PBXTargetDependency */ = {
			isa = PBXTargetDependency;
			target = CEA34FDB2074A77E009F61FA /* Dicee */;
			targetProxy = CEA34FFC2074A780009F61FA /* PBXContainerItemProxy */;
		};
/* End PBXTargetDependency section */

/* Begin PBXVariantGroup section */
		CEA34FE32074A77E009F61FA /* Main.storyboard */ = {
			isa = PBXVariantGroup;
			children = (
				CEA34FE42074A77E009F61FA /* Base */,
			);
			name = Main.storyboard;
			sourceTree = "<group>";
		};
		CEA34FE82074A780009F61FA /* LaunchScreen.storyboard */ = {
			isa = PBXVariantGroup;
			children = (
				CEA34FE92074A780009F61FA /* Base */,
			);
			name = LaunchScreen.storyboard;
			sourceTree = "<group>";
		};
/* End PBXVariantGroup section */

/* Begin XCBuildConfiguration section */
		CEA350022074A780009F61FA /* Debug */ = {
			isa = XCBuildConfiguration;
			buildSettings = {
				ALWAYS_SEARCH_USER_PATHS = NO;
				CLANG_ANALYZER_NONNULL = YES;
				CLANG_ANALYZER_NUMBER_OBJECT_CONVERSION = YES_AGGRESSIVE;
				CLANG_CXX_LANGUAGE_STANDARD = "gnu++14";
				CLANG_CXX_LIBRARY = "libc++";
				CLANG_ENABLE_MODULES = YES;
				CLANG_ENABLE_OBJC_ARC = YES;
				CLANG_ENABLE_OBJC_WEAK = YES;
				CLANG_WARN_BLOCK_CAPTURE_AUTORELEASING = YES;
				CLANG_WARN_BOOL_CONVERSION = YES;
				CLANG_WARN_COMMA = YES;
				CLANG_WARN_CONSTANT_CONVERSION = YES;
				CLANG_WARN_DEPRECATED_OBJC_IMPLEMENTATIONS = YES;
				CLANG_WARN_DIRECT_OBJC_ISA_USAGE = YES_ERROR;
				CLANG_WARN_DOCUMENTATION_COMMENTS = YES;
				CLANG_WARN_EMPTY_BODY = YES;
				CLANG_WARN_ENUM_CONVERSION = YES;
				CLANG_WARN_INFINITE_RECURSION = YES;
				CLANG_WARN_INT_CONVERSION = YES;
				CLANG_WARN_NON_LITERAL_NULL_CONVERSION = YES;
				CLANG_WARN_OBJC_IMPLICIT_RETAIN_SELF = YES;
				CLANG_WARN_OBJC_LITERAL_CONVERSION = YES;
				CLANG_WARN_OBJC_ROOT_CLASS = YES_ERROR;
				CLANG_WARN_RANGE_LOOP_ANALYSIS = YES;
				CLANG_WARN_STRICT_PROTOTYPES = YES;
				CLANG_WARN_SUSPICIOUS_MOVE = YES;
				CLANG_WARN_UNGUARDED_AVAILABILITY = YES_AGGRESSIVE;
				CLANG_WARN_UNREACHABLE_CODE = YES;
				CLANG_WARN__DUPLICATE_METHOD_MATCH = YES;
				CODE_SIGN_IDENTITY = "iPhone Developer";
				COPY_PHASE_STRIP = NO;
				DEBUG_INFORMATION_FORMAT = dwarf;
				ENABLE_STRICT_OBJC_MSGSEND = YES;
				ENABLE_TESTABILITY = YES;
				GCC_C_LANGUAGE_STANDARD = gnu11;
				GCC_DYNAMIC_NO_PIC = NO;
				GCC_NO_COMMON_BLOCKS = YES;
				GCC_OPTIMIZATION_LEVEL = 0;
				GCC_PREPROCESSOR_DEFINITIONS = (
					"DEBUG=1",
					"$(inherited)",
				);
				GCC_WARN_64_TO_32_BIT_CONVERSION = YES;
				GCC_WARN_ABOUT_RETURN_TYPE = YES_ERROR;
				GCC_WARN_UNDECLARED_SELECTOR = YES;
				GCC_WARN_UNINITIALIZED_AUTOS = YES_AGGRESSIVE;
				GCC_WARN_UNUSED_FUNCTION = YES;
				GCC_WARN_UNUSED_VARIABLE = YES;
				IPHONEOS_DEPLOYMENT_TARGET = 11.3;
				MTL_ENABLE_DEBUG_INFO = YES;
				ONLY_ACTIVE_ARCH = YES;
				SDKROOT = iphoneos;
				SWIFT_ACTIVE_COMPILATION_CONDITIONS = DEBUG;
				SWIFT_OPTIMIZATION_LEVEL = "-Onone";
			};
			name = Debug;
		};
		CEA350032074A780009F61FA /* Release */ = {
			isa = XCBuildConfiguration;
			buildSettings = {
				ALWAYS_SEARCH_USER_PATHS = NO;
				CLANG_ANALYZER_NONNULL = YES;
				CLANG_ANALYZER_NUMBER_OBJECT_CONVERSION = YES_AGGRESSIVE;
				CLANG_CXX_LANGUAGE_STANDARD = "gnu++14";
				CLANG_CXX_LIBRARY = "libc++";
				CLANG_ENABLE_MODULES = YES;
				CLANG_ENABLE_OBJC_ARC = YES;
				CLANG_ENABLE_OBJC_WEAK = YES;
				CLANG_WARN_BLOCK_CAPTURE_AUTORELEASING = YES;
				CLANG_WARN_BOOL_CONVERSION = YES;
				CLANG_WARN_COMMA = YES;
				CLANG_WARN_CONSTANT_CONVERSION = YES;
				CLANG_WARN_DEPRECATED_OBJC_IMPLEMENTATIONS = YES;
				CLANG_WARN_DIRECT_OBJC_ISA_USAGE = YES_ERROR;
				CLANG_WARN_DOCUMENTATION_COMMENTS = YES;
				CLANG_WARN_EMPTY_BODY = YES;
				CLANG_WARN_ENUM_CONVERSION = YES;
				CLANG_WARN_INFINITE_RECURSION = YES;
				CLANG_WARN_INT_CONVERSION = YES;
				CLANG_WARN_NON_LITERAL_NULL_CONVERSION = YES;
				CLANG_WARN_OBJC_IMPLICIT_RETAIN_SELF = YES;
				CLANG_WARN_OBJC_LITERAL_CONVERSION = YES;
				CLANG_WARN_OBJC_ROOT_CLASS = YES_ERROR;
				CLANG_WARN_RANGE_LOOP_ANALYSIS = YES;
				CLANG_WARN_STRICT_PROTOTYPES = YES;
				CLANG_WARN_SUSPICIOUS_MOVE = YES;
				CLANG_WARN_UNGUARDED_AVAILABILITY = YES_AGGRESSIVE;
				CLANG_WARN_UNREACHABLE_CODE = YES;
				CLANG_WARN__DUPLICATE_METHOD_MATCH = YES;
				CODE_SIGN_IDENTITY = "iPhone Developer";
				COPY_PHASE_STRIP = NO;
				DEBUG_INFORMATION_FORMAT = "dwarf-with-dsym";
				ENABLE_NS_ASSERTIONS = NO;
				ENABLE_STRICT_OBJC_MSGSEND = YES;
				GCC_C_LANGUAGE_STANDARD = gnu11;
				GCC_NO_COMMON_BLOCKS = YES;
				GCC_WARN_64_TO_32_BIT_CONVERSION = YES;
				GCC_WARN_ABOUT_RETURN_TYPE = YES_ERROR;
				GCC_WARN_UNDECLARED_SELECTOR = YES;
				GCC_WARN_UNINITIALIZED_AUTOS = YES_AGGRESSIVE;
				GCC_WARN_UNUSED_FUNCTION = YES;
				GCC_WARN_UNUSED_VARIABLE = YES;
				IPHONEOS_DEPLOYMENT_TARGET = 11.3;
				MTL_ENABLE_DEBUG_INFO = NO;
				SDKROOT = iphoneos;
				SWIFT_COMPILATION_MODE = wholemodule;
				SWIFT_OPTIMIZATION_LEVEL = "-O";
				VALIDATE_PRODUCT = YES;
			};
			name = Release;
		};
		CEA350052074A780009F61FA /* Debug */ = {
			isa = XCBuildConfiguration;
			buildSettings = {
				ASSETCATALOG_COMPILER_APPICON_NAME = AppIcon;
				CODE_SIGN_STYLE = Automatic;
				INFOPLIST_FILE = Dicee/Info.plist;
				LD_RUNPATH_SEARCH_PATHS = (
					"$(inherited)",
					"@executable_path/Frameworks",
				);
				PRODUCT_BUNDLE_IDENTIFIER = "Tuban-Dev.Dicee";
				PRODUCT_NAME = "$(TARGET_NAME)";
				SWIFT_VERSION = 4.0;
				TARGETED_DEVICE_FAMILY = "1,2";
			};
			name = Debug;
		};
		CEA350062074A780009F61FA /* Release */ = {
			isa = XCBuildConfiguration;
			buildSettings = {
				ASSETCATALOG_COMPILER_APPICON_NAME = AppIcon;
				CODE_SIGN_STYLE = Automatic;
				INFOPLIST_FILE = Dicee/Info.plist;
				LD_RUNPATH_SEARCH_PATHS = (
					"$(inherited)",
					"@executable_path/Frameworks",
				);
				PRODUCT_BUNDLE_IDENTIFIER = "Tuban-Dev.Dicee";
				PRODUCT_NAME = "$(TARGET_NAME)";
				SWIFT_VERSION = 4.0;
				TARGETED_DEVICE_FAMILY = "1,2";
			};
			name = Release;
		};
		CEA350082074A780009F61FA /* Debug */ = {
			isa = XCBuildConfiguration;
			buildSettings = {
				ALWAYS_EMBED_SWIFT_STANDARD_LIBRARIES = YES;
				BUNDLE_LOADER = "$(TEST_HOST)";
				CODE_SIGN_STYLE = Automatic;
				INFOPLIST_FILE = DiceeTests/Info.plist;
				LD_RUNPATH_SEARCH_PATHS = (
					"$(inherited)",
					"@executable_path/Frameworks",
					"@loader_path/Frameworks",
				);
				PRODUCT_BUNDLE_IDENTIFIER = "Tuban-Dev.DiceeTests";
				PRODUCT_NAME = "$(TARGET_NAME)";
				SWIFT_VERSION = 4.0;
				TARGETED_DEVICE_FAMILY = "1,2";
				TEST_HOST = "$(BUILT_PRODUCTS_DIR)/Dicee.app/Dicee";
			};
			name = Debug;
		};
		CEA350092074A780009F61FA /* Release */ = {
			isa = XCBuildConfiguration;
			buildSettings = {
				ALWAYS_EMBED_SWIFT_STANDARD_LIBRARIES = YES;
				BUNDLE_LOADER = "$(TEST_HOST)";
				CODE_SIGN_STYLE = Automatic;
				INFOPLIST_FILE = DiceeTests/Info.plist;
				LD_RUNPATH_SEARCH_PATHS = (
					"$(inherited)",
					"@executable_path/Frameworks",
					"@loader_path/Frameworks",
				);
				PRODUCT_BUNDLE_IDENTIFIER = "Tuban-Dev.DiceeTests";
				PRODUCT_NAME = "$(TARGET_NAME)";
				SWIFT_VERSION = 4.0;
				TARGETED_DEVICE_FAMILY = "1,2";
				TEST_HOST = "$(BUILT_PRODUCTS_DIR)/Dicee.app/Dicee";
			};
			name = Release;
		};
		CEA3500B2074A780009F61FA /* Debug */ = {
			isa = XCBuildConfiguration;
			buildSettings = {
				ALWAYS_EMBED_SWIFT_STANDARD_LIBRARIES = YES;
				CODE_SIGN_STYLE = Automatic;
				INFOPLIST_FILE = DiceeUITests/Info.plist;
				LD_RUNPATH_SEARCH_PATHS = (
					"$(inherited)",
					"@executable_path/Frameworks",
					"@loader_path/Frameworks",
				);
				PRODUCT_BUNDLE_IDENTIFIER = "Tuban-Dev.DiceeUITests";
				PRODUCT_NAME = "$(TARGET_NAME)";
				SWIFT_VERSION = 4.0;
				TARGETED_DEVICE_FAMILY = "1,2";
				TEST_TARGET_NAME = Dicee;
			};
			name = Debug;
		};
		CEA3500C2074A780009F61FA /* Release */ = {
			isa = XCBuildConfiguration;
			buildSettings = {
				ALWAYS_EMBED_SWIFT_STANDARD_LIBRARIES = YES;
				CODE_SIGN_STYLE = Automatic;
				INFOPLIST_FILE = DiceeUITests/Info.plist;
				LD_RUNPATH_SEARCH_PATHS = (
					"$(inherited)",
					"@executable_path/Frameworks",
					"@loader_path/Frameworks",
				);
				PRODUCT_BUNDLE_IDENTIFIER = "Tuban-Dev.DiceeUITests";
				PRODUCT_NAME = "$(TARGET_NAME)";
				SWIFT_VERSION = 4.0;
				TARGETED_DEVICE_FAMILY = "1,2";
				TEST_TARGET_NAME = Dicee;
			};
			name = Release;
		};
/* End XCBuildConfiguration section */

/* Begin XCConfigurationList section */
		CEA34FD72074A77E009F61FA /* Build configuration list for PBXProject "Dicee" */ = {
			isa = XCConfigurationList;
			buildConfigurations = (
				CEA350022074A780009F61FA /* Debug */,
				CEA350032074A780009F61FA /* Release */,
			);
			defaultConfigurationIsVisible = 0;
			defaultConfigurationName = Release;
		};
		CEA350042074A780009F61FA /* Build configuration list for PBXNativeTarget "Dicee" */ = {
			isa = XCConfigurationList;
			buildConfigurations = (
				CEA350052074A780009F61FA /* Debug */,
				CEA350062074A780009F61FA /* Release */,
			);
			defaultConfigurationIsVisible = 0;
			defaultConfigurationName = Release;
		};
		CEA350072074A780009F61FA /* Build configuration list for PBXNativeTarget "DiceeTests" */ = {
			isa = XCConfigurationList;
			buildConfigurations = (
				CEA350082074A780009F61FA /* Debug */,
				CEA350092074A780009F61FA /* Release */,
			);
			defaultConfigurationIsVisible = 0;
			defaultConfigurationName = Release;
		};
		CEA3500A2074A780009F61FA /* Build configuration list for PBXNativeTarget "DiceeUITests" */ = {
			isa = XCConfigurationList;
			buildConfigurations = (
				CEA3500B2074A780009F61FA /* Debug */,
				CEA3500C2074A780009F61FA /* Release */,
			);
			defaultConfigurationIsVisible = 0;
			defaultConfigurationName = Release;
		};
/* End XCConfigurationList section */
	};
	rootObject = CEA34FD42074A77E009F61FA /* Project object */;
}
